github.com/aliforever/go-log v0.0.0-20210915162151-ca0c55b652cf h1:pEmihirMl1RnRfi++yXqcyXyooFRL/DCsHOYvDBQ0sA=
github.com/aliforever/go-log v0.0.0-20210915162151-ca0c55b652cf/go.mod h1:YqoU9DCnYoJREG5TMz9FCLTOwp/cTmwnYPHMbwNPn08=
github.com/aliforever/go-log v0.0.0-20210915170605-ede14fd60664 h1:CSBszNZjmYTq3IeBiyAszs2Y6adFJP8OQJ1fvndXBbg=
github.com/aliforever/go-log v0.0.0-20210915170605-ede14fd60664/go.mod h1:YqoU9DCnYoJREG5TMz9FCLTOwp/cTmwnYPHMbwNPn08=
github.com/aliforever/go-log v0.0.0-20210917222813-13d9a9592e75 h1:Mnqz/Naqii8XNZgmoS3t/RaDcwy/HuyqVA57E8TSQGk=
github.com/aliforever/go-log v0.0.0-20210917222813-13d9a9592e75/go.mod h1:YqoU9DCnYoJREG5TMz9FCLTOwp/cTmwnYPHMbwNPn08=
