github.com/aliforever/go-cad v0.6.6 h1:iyp6etFX/vfjlzhQOOMlBSRViTfgJHqSfQ5xrOZ/s54=
github.com/aliforever/go-cad v0.6.6/go.mod h1:EjfUUjKaJxXh0/v7KgWCYc3Mf+kMG9oTFgG8VWco3aQ=
github.com/aliforever/go-cad v0.6.7 h1:z89ehGmYNU6TrbTDI30FoOIlN1fBqMhtRDDeJnn/tps=
github.com/aliforever/go-cad v0.6.7/go.mod h1:EjfUUjKaJxXh0/v7KgWCYc3Mf+kMG9oTFgG8VWco3aQ=
github.com/aliforever/go-log v0.0.0-20210921140853-55f048394552 h1:9RJ0/6FkeBz/nVEs4gn0Exca7l4bC7l6xu0Xn7F+w6o=
github.com/aliforever/go-log v0.0.0-20210921140853-55f048394552/go.mod h1:YqoU9DCnYoJREG5TMz9FCLTOwp/cTmwnYPHMbwNPn08=
github.com/aliforever/golang-backend-training v0.0.0-20210924183147-fe16cda7fb76 h1:egXC8yXbiywJw27LxecMHFT+EpkscBDzB2o8nJbvKHI=
github.com/aliforever/golang-backend-training v0.0.0-20210924183147-fe16cda7fb76/go.mod h1:9W5fRgXjIO4G+TQ4BeOrW0RCr8TrITryr9EN9zot724=
github.com/aliforever/golang-backend-training/chapter9/section9.1 v0.0.0-20211002114511-f63ef8702be7/go.mod h1:9ZukjwAjcKfPNN7HMMeWBWSh2y0vgQz6SAvUmx4L7tQ=
github.com/lib/pq v1.10.3 h1:v9QZf2Sn6AmjXtQeFpdoq/eaNtYP6IN+7lcrygsIAtg=
github.com/lib/pq v1.10.3/go.mod h1:AlVN5x4E4T544tWzH6hKfbfQvm3HdbOxrmggDNAPY9o=
github.com/reiver/go-simplehttp v1.0.0/go.mod h1:iMS6LBH2hlfBZhzFPZK7IiFQbZE8HfxgK8F9QJGBC9o=
