github.com/aliforever/go-cad v0.0.0-20211002110000-34dd2556533f h1:D5swQ/y4ZZxrhsEu67/3kRmC8jy7xdZWGKntMefqw8c=
github.com/aliforever/go-cad v0.0.0-20211002110000-34dd2556533f/go.mod h1:WozvKghdWonBHJfNi70359hIJn5BYIras5JhZXvtBP0=
github.com/aliforever/go-cad v0.0.0-20211002111509-b1544c37e898 h1:eTscC/dZ2ZTRfxtljJnrc6HTvtSPm9/07DcPA/plRAQ=
github.com/aliforever/go-cad v0.0.0-20211002111509-b1544c37e898/go.mod h1:WozvKghdWonBHJfNi70359hIJn5BYIras5JhZXvtBP0=
github.com/aliforever/go-cad v0.0.0-20211002113824-87409b4bc266 h1:hu+uJMeVUEd4WSz6KL4xF4ecY0NE6nPdPmeIpsoXb3U=
github.com/aliforever/go-cad v0.0.0-20211002113824-87409b4bc266/go.mod h1:WozvKghdWonBHJfNi70359hIJn5BYIras5JhZXvtBP0=
