github.com/aliforever/go-log v0.0.0-20210925222455-1d2f31c3b564 h1:GiF+Wkv0bpuhkrGotC9f/Uz/OO6py5Mw/P8YQVs8T5k=
github.com/aliforever/go-log v0.0.0-20210925222455-1d2f31c3b564/go.mod h1:YqoU9DCnYoJREG5TMz9FCLTOwp/cTmwnYPHMbwNPn08=
github.com/aliforever/go-xhttpmiddleware v0.1.2 h1:eyfRYxeOsMPn90Q4tv0UhdKbnTW/oyiaSbzs9tm+f0Q=
github.com/aliforever/go-xhttpmiddleware v0.1.2/go.mod h1:vCzvxvCfsFl1kch98GO5eVKnjL0QOt7kg8NlBR0AUcQ=
