github.com/aliforever/go-log v0.0.0-20210921131808-3fd3d57c5484 h1:6r4qPHkMR7KqPwLOD5tOM1uLcCKa+4+I4EhDXk6R0yk=
github.com/aliforever/go-log v0.0.0-20210921131808-3fd3d57c5484/go.mod h1:YqoU9DCnYoJREG5TMz9FCLTOwp/cTmwnYPHMbwNPn08=
github.com/aliforever/go-log v0.0.0-20210921140853-55f048394552 h1:9RJ0/6FkeBz/nVEs4gn0Exca7l4bC7l6xu0Xn7F+w6o=
github.com/aliforever/go-log v0.0.0-20210921140853-55f048394552/go.mod h1:YqoU9DCnYoJREG5TMz9FCLTOwp/cTmwnYPHMbwNPn08=
